
Microsoft Visual Studio Solution File, Format Version 12.00
# Visual Studio 2017
Project("{FAE04EC0-301F-11D3-BF4B-00C04F79EFBC}") = "hasan", "hasan.csproj", "{597B4F80-4778-0E1D-ED04-68D059C7EEB6}"
EndProject
Global
	GlobalSection(SolutionConfigurationPlatforms) = preSolution
		Debug|Any CPU = Debug|Any CPU
		Release|Any CPU = Release|Any CPU
	EndGlobalSection
	GlobalSection(ProjectConfigurationPlatforms) = postSolution
		{597B4F80-4778-0E1D-ED04-68D059C7EEB6}.Debug|Any CPU.ActiveCfg = Debug|Any CPU
		{597B4F80-4778-0E1D-ED04-68D059C7EEB6}.Debug|Any CPU.Build.0 = Debug|Any CPU
		{597B4F80-4778-0E1D-ED04-68D059C7EEB6}.Release|Any CPU.ActiveCfg = Release|Any CPU
		{597B4F80-4778-0E1D-ED04-68D059C7EEB6}.Release|Any CPU.Build.0 = Release|Any CPU
	EndGlobalSection
	GlobalSection(SolutionProperties) = preSolution
		HideSolutionNode = FALSE
	EndGlobalSection
EndGlobal
